
Microsoft Visual Studio Solution File, Format Version 12.00
# Visual Studio Version 17
VisualStudioVersion = 17.1.31903.286
MinimumVisualStudioVersion = 10.0.40219.1
Project("{FAE04EC0-301F-11D3-BF4B-00C04F79EFBC}") = "ShoppingAPI", "ShoppingAPI\ShoppingAPI.csproj", "{D5B40742-B521-4BD6-923C-ADC54F94E3CF}"
EndProject
Global
	GlobalSection(SolutionConfigurationPlatforms) = preSolution
		Debug|Any CPU = Debug|Any CPU
		Release|Any CPU = Release|Any CPU
	EndGlobalSection
	GlobalSection(ProjectConfigurationPlatforms) = postSolution
		{D5B40742-B521-4BD6-923C-ADC54F94E3CF}.Debug|Any CPU.ActiveCfg = Debug|Any CPU
		{D5B40742-B521-4BD6-923C-ADC54F94E3CF}.Debug|Any CPU.Build.0 = Debug|Any CPU
		{D5B40742-B521-4BD6-923C-ADC54F94E3CF}.Release|Any CPU.ActiveCfg = Release|Any CPU
		{D5B40742-B521-4BD6-923C-ADC54F94E3CF}.Release|Any CPU.Build.0 = Release|Any CPU
	EndGlobalSection
	GlobalSection(SolutionProperties) = preSolution
		HideSolutionNode = FALSE
	EndGlobalSection
	GlobalSection(ExtensibilityGlobals) = postSolution
		SolutionGuid = {2E49279D-8A43-4749-9920-064CD7B03993}
	EndGlobalSection
EndGlobal
